
Microsoft Visual Studio Solution File, Format Version 12.00
# Visual Studio Version 16
VisualStudioVersion = 16.0.29503.13
MinimumVisualStudioVersion = 10.0.40219.1
Project("{9A19103F-16F7-4668-BE54-9A1E7A4F7556}") = "AlphaBot2", "AlphaBot2\AlphaBot2.csproj", "{F3851E68-94CB-4BF0-9E90-3A856FEAFCB5}"
EndProject
Project("{9A19103F-16F7-4668-BE54-9A1E7A4F7556}") = "Mpu6050", "Mpu6050\Mpu6050.csproj", "{7E99EE42-74DB-43A4-ADBE-75A88FA8D3E7}"
EndProject
Project("{9A19103F-16F7-4668-BE54-9A1E7A4F7556}") = "Tlc1543", "Tlc1543\Tlc1543.csproj", "{CC4DC336-A406-4E1F-B9B7-E4551223A584}"
EndProject
Project("{9A19103F-16F7-4668-BE54-9A1E7A4F7556}") = "IrReceiver", "IrReceiver\IrReceiver.csproj", "{17C94450-40A6-4BBB-8CAA-C34688ED977D}"
EndProject
Project("{9A19103F-16F7-4668-BE54-9A1E7A4F7556}") = "Ws2812b", "Ws2812b\Ws2812b.csproj", "{525B1B2A-8693-4995-A473-A50F85C63F1A}"
EndProject
Project("{9A19103F-16F7-4668-BE54-9A1E7A4F7556}") = "Camera", "Camera\Camera.csproj", "{FE917573-788A-4C1D-BEE3-80FEACC2DCEB}"
EndProject
Project("{9A19103F-16F7-4668-BE54-9A1E7A4F7556}") = "Delay", "Delay\Delay.csproj", "{00686497-A1E2-46F8-8E71-BC98C06F33C3}"
EndProject
Project("{2150E333-8FDC-42A3-9474-1A3956D46DE8}") = "Solution Items", "Solution Items", "{C6C1531D-E87D-40E3-B774-8C8A69A34E73}"
	ProjectSection(SolutionItems) = preProject
		.editorconfig = .editorconfig
	EndProjectSection
EndProject
Global
	GlobalSection(SolutionConfigurationPlatforms) = preSolution
		Debug|Any CPU = Debug|Any CPU
		Debug|linux-arm = Debug|linux-arm
		Debug|x64 = Debug|x64
		Release|Any CPU = Release|Any CPU
		Release|linux-arm = Release|linux-arm
		Release|x64 = Release|x64
	EndGlobalSection
	GlobalSection(ProjectConfigurationPlatforms) = postSolution
		{F3851E68-94CB-4BF0-9E90-3A856FEAFCB5}.Debug|Any CPU.ActiveCfg = Debug|Any CPU
		{F3851E68-94CB-4BF0-9E90-3A856FEAFCB5}.Debug|Any CPU.Build.0 = Debug|Any CPU
		{F3851E68-94CB-4BF0-9E90-3A856FEAFCB5}.Debug|linux-arm.ActiveCfg = Debug|Any CPU
		{F3851E68-94CB-4BF0-9E90-3A856FEAFCB5}.Debug|linux-arm.Build.0 = Debug|Any CPU
		{F3851E68-94CB-4BF0-9E90-3A856FEAFCB5}.Debug|x64.ActiveCfg = Debug|Any CPU
		{F3851E68-94CB-4BF0-9E90-3A856FEAFCB5}.Debug|x64.Build.0 = Debug|Any CPU
		{F3851E68-94CB-4BF0-9E90-3A856FEAFCB5}.Release|Any CPU.ActiveCfg = Release|Any CPU
		{F3851E68-94CB-4BF0-9E90-3A856FEAFCB5}.Release|Any CPU.Build.0 = Release|Any CPU
		{F3851E68-94CB-4BF0-9E90-3A856FEAFCB5}.Release|linux-arm.ActiveCfg = Release|Any CPU
		{F3851E68-94CB-4BF0-9E90-3A856FEAFCB5}.Release|linux-arm.Build.0 = Release|Any CPU
		{F3851E68-94CB-4BF0-9E90-3A856FEAFCB5}.Release|x64.ActiveCfg = Release|Any CPU
		{F3851E68-94CB-4BF0-9E90-3A856FEAFCB5}.Release|x64.Build.0 = Release|Any CPU
		{7E99EE42-74DB-43A4-ADBE-75A88FA8D3E7}.Debug|Any CPU.ActiveCfg = Debug|Any CPU
		{7E99EE42-74DB-43A4-ADBE-75A88FA8D3E7}.Debug|Any CPU.Build.0 = Debug|Any CPU
		{7E99EE42-74DB-43A4-ADBE-75A88FA8D3E7}.Debug|linux-arm.ActiveCfg = Debug|Any CPU
		{7E99EE42-74DB-43A4-ADBE-75A88FA8D3E7}.Debug|linux-arm.Build.0 = Debug|Any CPU
		{7E99EE42-74DB-43A4-ADBE-75A88FA8D3E7}.Debug|x64.ActiveCfg = Debug|Any CPU
		{7E99EE42-74DB-43A4-ADBE-75A88FA8D3E7}.Debug|x64.Build.0 = Debug|Any CPU
		{7E99EE42-74DB-43A4-ADBE-75A88FA8D3E7}.Release|Any CPU.ActiveCfg = Release|Any CPU
		{7E99EE42-74DB-43A4-ADBE-75A88FA8D3E7}.Release|Any CPU.Build.0 = Release|Any CPU
		{7E99EE42-74DB-43A4-ADBE-75A88FA8D3E7}.Release|linux-arm.ActiveCfg = Release|Any CPU
		{7E99EE42-74DB-43A4-ADBE-75A88FA8D3E7}.Release|linux-arm.Build.0 = Release|Any CPU
		{7E99EE42-74DB-43A4-ADBE-75A88FA8D3E7}.Release|x64.ActiveCfg = Release|Any CPU
		{7E99EE42-74DB-43A4-ADBE-75A88FA8D3E7}.Release|x64.Build.0 = Release|Any CPU
		{CC4DC336-A406-4E1F-B9B7-E4551223A584}.Debug|Any CPU.ActiveCfg = Debug|Any CPU
		{CC4DC336-A406-4E1F-B9B7-E4551223A584}.Debug|Any CPU.Build.0 = Debug|Any CPU
		{CC4DC336-A406-4E1F-B9B7-E4551223A584}.Debug|linux-arm.ActiveCfg = Debug|Any CPU
		{CC4DC336-A406-4E1F-B9B7-E4551223A584}.Debug|linux-arm.Build.0 = Debug|Any CPU
		{CC4DC336-A406-4E1F-B9B7-E4551223A584}.Debug|x64.ActiveCfg = Debug|Any CPU
		{CC4DC336-A406-4E1F-B9B7-E4551223A584}.Debug|x64.Build.0 = Debug|Any CPU
		{CC4DC336-A406-4E1F-B9B7-E4551223A584}.Release|Any CPU.ActiveCfg = Release|Any CPU
		{CC4DC336-A406-4E1F-B9B7-E4551223A584}.Release|Any CPU.Build.0 = Release|Any CPU
		{CC4DC336-A406-4E1F-B9B7-E4551223A584}.Release|linux-arm.ActiveCfg = Release|Any CPU
		{CC4DC336-A406-4E1F-B9B7-E4551223A584}.Release|linux-arm.Build.0 = Release|Any CPU
		{CC4DC336-A406-4E1F-B9B7-E4551223A584}.Release|x64.ActiveCfg = Release|Any CPU
		{CC4DC336-A406-4E1F-B9B7-E4551223A584}.Release|x64.Build.0 = Release|Any CPU
		{17C94450-40A6-4BBB-8CAA-C34688ED977D}.Debug|Any CPU.ActiveCfg = Debug|Any CPU
		{17C94450-40A6-4BBB-8CAA-C34688ED977D}.Debug|Any CPU.Build.0 = Debug|Any CPU
		{17C94450-40A6-4BBB-8CAA-C34688ED977D}.Debug|linux-arm.ActiveCfg = Debug|Any CPU
		{17C94450-40A6-4BBB-8CAA-C34688ED977D}.Debug|linux-arm.Build.0 = Debug|Any CPU
		{17C94450-40A6-4BBB-8CAA-C34688ED977D}.Debug|x64.ActiveCfg = Debug|Any CPU
		{17C94450-40A6-4BBB-8CAA-C34688ED977D}.Debug|x64.Build.0 = Debug|Any CPU
		{17C94450-40A6-4BBB-8CAA-C34688ED977D}.Release|Any CPU.ActiveCfg = Release|Any CPU
		{17C94450-40A6-4BBB-8CAA-C34688ED977D}.Release|Any CPU.Build.0 = Release|Any CPU
		{17C94450-40A6-4BBB-8CAA-C34688ED977D}.Release|linux-arm.ActiveCfg = Release|Any CPU
		{17C94450-40A6-4BBB-8CAA-C34688ED977D}.Release|linux-arm.Build.0 = Release|Any CPU
		{17C94450-40A6-4BBB-8CAA-C34688ED977D}.Release|x64.ActiveCfg = Release|Any CPU
		{17C94450-40A6-4BBB-8CAA-C34688ED977D}.Release|x64.Build.0 = Release|Any CPU
		{525B1B2A-8693-4995-A473-A50F85C63F1A}.Debug|Any CPU.ActiveCfg = Debug|Any CPU
		{525B1B2A-8693-4995-A473-A50F85C63F1A}.Debug|Any CPU.Build.0 = Debug|Any CPU
		{525B1B2A-8693-4995-A473-A50F85C63F1A}.Debug|linux-arm.ActiveCfg = Debug|Any CPU
		{525B1B2A-8693-4995-A473-A50F85C63F1A}.Debug|linux-arm.Build.0 = Debug|Any CPU
		{525B1B2A-8693-4995-A473-A50F85C63F1A}.Debug|x64.ActiveCfg = Debug|Any CPU
		{525B1B2A-8693-4995-A473-A50F85C63F1A}.Debug|x64.Build.0 = Debug|Any CPU
		{525B1B2A-8693-4995-A473-A50F85C63F1A}.Release|Any CPU.ActiveCfg = Release|Any CPU
		{525B1B2A-8693-4995-A473-A50F85C63F1A}.Release|Any CPU.Build.0 = Release|Any CPU
		{525B1B2A-8693-4995-A473-A50F85C63F1A}.Release|linux-arm.ActiveCfg = Release|Any CPU
		{525B1B2A-8693-4995-A473-A50F85C63F1A}.Release|linux-arm.Build.0 = Release|Any CPU
		{525B1B2A-8693-4995-A473-A50F85C63F1A}.Release|x64.ActiveCfg = Release|Any CPU
		{525B1B2A-8693-4995-A473-A50F85C63F1A}.Release|x64.Build.0 = Release|Any CPU
		{FE917573-788A-4C1D-BEE3-80FEACC2DCEB}.Debug|Any CPU.ActiveCfg = Debug|Any CPU
		{FE917573-788A-4C1D-BEE3-80FEACC2DCEB}.Debug|Any CPU.Build.0 = Debug|Any CPU
		{FE917573-788A-4C1D-BEE3-80FEACC2DCEB}.Debug|linux-arm.ActiveCfg = Debug|Any CPU
		{FE917573-788A-4C1D-BEE3-80FEACC2DCEB}.Debug|linux-arm.Build.0 = Debug|Any CPU
		{FE917573-788A-4C1D-BEE3-80FEACC2DCEB}.Debug|x64.ActiveCfg = Debug|Any CPU
		{FE917573-788A-4C1D-BEE3-80FEACC2DCEB}.Debug|x64.Build.0 = Debug|Any CPU
		{FE917573-788A-4C1D-BEE3-80FEACC2DCEB}.Release|Any CPU.ActiveCfg = Release|Any CPU
		{FE917573-788A-4C1D-BEE3-80FEACC2DCEB}.Release|Any CPU.Build.0 = Release|Any CPU
		{FE917573-788A-4C1D-BEE3-80FEACC2DCEB}.Release|linux-arm.ActiveCfg = Release|Any CPU
		{FE917573-788A-4C1D-BEE3-80FEACC2DCEB}.Release|linux-arm.Build.0 = Release|Any CPU
		{FE917573-788A-4C1D-BEE3-80FEACC2DCEB}.Release|x64.ActiveCfg = Release|Any CPU
		{FE917573-788A-4C1D-BEE3-80FEACC2DCEB}.Release|x64.Build.0 = Release|Any CPU
		{00686497-A1E2-46F8-8E71-BC98C06F33C3}.Debug|Any CPU.ActiveCfg = Debug|Any CPU
		{00686497-A1E2-46F8-8E71-BC98C06F33C3}.Debug|Any CPU.Build.0 = Debug|Any CPU
		{00686497-A1E2-46F8-8E71-BC98C06F33C3}.Debug|linux-arm.ActiveCfg = Debug|Any CPU
		{00686497-A1E2-46F8-8E71-BC98C06F33C3}.Debug|linux-arm.Build.0 = Debug|Any CPU
		{00686497-A1E2-46F8-8E71-BC98C06F33C3}.Debug|x64.ActiveCfg = Debug|Any CPU
		{00686497-A1E2-46F8-8E71-BC98C06F33C3}.Debug|x64.Build.0 = Debug|Any CPU
		{00686497-A1E2-46F8-8E71-BC98C06F33C3}.Release|Any CPU.ActiveCfg = Release|Any CPU
		{00686497-A1E2-46F8-8E71-BC98C06F33C3}.Release|Any CPU.Build.0 = Release|Any CPU
		{00686497-A1E2-46F8-8E71-BC98C06F33C3}.Release|linux-arm.ActiveCfg = Release|Any CPU
		{00686497-A1E2-46F8-8E71-BC98C06F33C3}.Release|linux-arm.Build.0 = Release|Any CPU
		{00686497-A1E2-46F8-8E71-BC98C06F33C3}.Release|x64.ActiveCfg = Release|Any CPU
		{00686497-A1E2-46F8-8E71-BC98C06F33C3}.Release|x64.Build.0 = Release|Any CPU
	EndGlobalSection
	GlobalSection(SolutionProperties) = preSolution
		HideSolutionNode = FALSE
	EndGlobalSection
	GlobalSection(ExtensibilityGlobals) = postSolution
		SolutionGuid = {68586663-838B-4F9A-B77A-8DBD3ED25158}
	EndGlobalSection
EndGlobal
